Microsoft Visual Studio Solution File, Format Version 12.00
# Visual Studio Version 17
VisualStudioVersion = 17.0.31903.59
MinimumVisualStudioVersion = 10.0.40219.1
Project("{FAE04EC0-301F-11D3-BF4B-00C04F79EFBC}") = "bancoKRT.api", "src\bancoKRT.api\bancoKRT.api.csproj", "{D742AC65-6B5C-4EF8-9E23-508DFDA38B01}"
EndProject
Project("{FAE04EC0-301F-11D3-BF4B-00C04F79EFBC}") = "bancoKRT.api.Tests", "tests\bancoKRT.api.Tests\bancoKRT.api.Tests.csproj", "{F7725FC8-8B23-4D84-982A-6055B57B1AB3}"
EndProject
Global
	GlobalSection(SolutionConfigurationPlatforms) = preSolution
		Debug|Any CPU = Debug|Any CPU
		Release|Any CPU = Release|Any CPU
	EndGlobalSection
	GlobalSection(ProjectConfigurationPlatforms) = postSolution
		{D742AC65-6B5C-4EF8-9E23-508DFDA38B01}.Debug|Any CPU.ActiveCfg = Debug|Any CPU
		{D742AC65-6B5C-4EF8-9E23-508DFDA38B01}.Debug|Any CPU.Build.0 = Debug|Any CPU
		{D742AC65-6B5C-4EF8-9E23-508DFDA38B01}.Release|Any CPU.ActiveCfg = Release|Any CPU
		{D742AC65-6B5C-4EF8-9E23-508DFDA38B01}.Release|Any CPU.Build.0 = Release|Any CPU
		{F7725FC8-8B23-4D84-982A-6055B57B1AB3}.Debug|Any CPU.ActiveCfg = Debug|Any CPU
		{F7725FC8-8B23-4D84-982A-6055B57B1AB3}.Debug|Any CPU.Build.0 = Debug|Any CPU
		{F7725FC8-8B23-4D84-982A-6055B57B1AB3}.Release|Any CPU.ActiveCfg = Release|Any CPU
		{F7725FC8-8B23-4D84-982A-6055B57B1AB3}.Release|Any CPU.Build.0 = Release|Any CPU
	EndGlobalSection
EndGlobal
